
Microsoft Visual Studio Solution File, Format Version 12.00
# Visual Studio Version 16
VisualStudioVersion = 16.0.32630.194
MinimumVisualStudioVersion = 10.0.40219.1
Project("{FAE04EC0-301F-11D3-BF4B-00C04F79EFBC}") = "eProject3_Admin", "eProject3\eProject3_Admin.csproj", "{0B2930EA-5007-4794-8039-835FB9B59890}"
EndProject
Project("{FAE04EC0-301F-11D3-BF4B-00C04F79EFBC}") = "eProject3_User", "eProject3_User\eProject3_User.csproj", "{685546E3-3093-47FC-BCB9-DB10524BA04F}"
EndProject
Global
	GlobalSection(SolutionConfigurationPlatforms) = preSolution
		Debug|Any CPU = Debug|Any CPU
		Release|Any CPU = Release|Any CPU
	EndGlobalSection
	GlobalSection(ProjectConfigurationPlatforms) = postSolution
		{0B2930EA-5007-4794-8039-835FB9B59890}.Debug|Any CPU.ActiveCfg = Debug|Any CPU
		{0B2930EA-5007-4794-8039-835FB9B59890}.Debug|Any CPU.Build.0 = Debug|Any CPU
		{0B2930EA-5007-4794-8039-835FB9B59890}.Release|Any CPU.ActiveCfg = Release|Any CPU
		{0B2930EA-5007-4794-8039-835FB9B59890}.Release|Any CPU.Build.0 = Release|Any CPU
		{685546E3-3093-47FC-BCB9-DB10524BA04F}.Debug|Any CPU.ActiveCfg = Debug|Any CPU
		{685546E3-3093-47FC-BCB9-DB10524BA04F}.Debug|Any CPU.Build.0 = Debug|Any CPU
		{685546E3-3093-47FC-BCB9-DB10524BA04F}.Release|Any CPU.ActiveCfg = Release|Any CPU
		{685546E3-3093-47FC-BCB9-DB10524BA04F}.Release|Any CPU.Build.0 = Release|Any CPU
	EndGlobalSection
	GlobalSection(SolutionProperties) = preSolution
		HideSolutionNode = FALSE
	EndGlobalSection
	GlobalSection(ExtensibilityGlobals) = postSolution
		SolutionGuid = {24809DFC-F5AC-4599-9858-0DC9981B48A9}
	EndGlobalSection
EndGlobal
